<?xml version="1.0" encoding="utf-8"?>
<Project ToolsVersion="4.0" xmlns="http://schemas.microsoft.com/developer/msbuild/2003">
  <ItemGroup>
    <ClInclude Include="IbCore.h" />
    <ClInclude Include="GalleryLevel.h">
      <Filter>Object\GalleryLevel</Filter>
    </ClInclude>
    <ClInclude Include="TitleLevel.h">
      <Filter>Object\TitleLevel</Filter>
    </ClInclude>
    <ClInclude Include="Helper.h" />
    <ClInclude Include="TitleLogo.h">
      <Filter>Object\TitleLevel\Actor</Filter>
    </ClInclude>
    <ClInclude Include="BackTitle.h">
      <Filter>Object\TitleLevel\Actor</Filter>
    </ClInclude>
    <ClInclude Include="TestLevel.h">
      <Filter>Object\TestLevel</Filter>
    </ClInclude>
    <ClInclude Include="BackGroundMap.h">
      <Filter>Object\Global</Filter>
    </ClInclude>
    <ClInclude Include="Player.h">
      <Filter>Object\GalleryLevel\Actor</Filter>
    </ClInclude>
    <ClInclude Include="Dialogue.h">
      <Filter>Object\Global</Filter>
    </ClInclude>
    <ClInclude Include="TitleMenu.h">
      <Filter>Object\TitleLevel\Actor</Filter>
    </ClInclude>
    <ClInclude Include="Gallery_Window.h">
      <Filter>Object\GalleryLevel\Actor\Art</Filter>
    </ClInclude>
    <ClInclude Include="GalleryButler.h">
      <Filter>Object\GalleryLevel\Actor\Character</Filter>
    </ClInclude>
    <ClInclude Include="Poster.h">
      <Filter>Object\GalleryLevel\Actor\Art</Filter>
    </ClInclude>
    <ClInclude Include="LeftBigArt.h">
      <Filter>Object\GalleryLevel\Actor\Art</Filter>
    </ClInclude>
    <ClInclude Include="RightBigArt.h">
      <Filter>Object\GalleryLevel\Actor\Art</Filter>
    </ClInclude>
    <ClInclude Include="WallArt_Sea.h">
      <Filter>Object\GalleryLevel\Actor\Art</Filter>
    </ClInclude>
    <ClInclude Include="GallerySign.h">
      <Filter>Object\GalleryLevel\Actor\Art</Filter>
    </ClInclude>
    <ClInclude Include="WallArt_Lines.h">
      <Filter>Object\GalleryLevel\Actor\Art</Filter>
    </ClInclude>
    <ClInclude Include="WallArt_Sneeze.h">
      <Filter>Object\GalleryLevel\Actor\Art</Filter>
    </ClInclude>
    <ClInclude Include="Intro.h">
      <Filter>Object\Opening\Actor</Filter>
    </ClInclude>
    <ClInclude Include="Mom.h">
      <Filter>Object\GalleryLevel\Actor\Character</Filter>
    </ClInclude>
    <ClInclude Include="Dad.h">
      <Filter>Object\GalleryLevel\Actor\Character</Filter>
    </ClInclude>
    <ClInclude Include="SecondGalleryLevel.h">
      <Filter>Object\SecondGalleryLevel</Filter>
    </ClInclude>
    <ClInclude Include="NextLevel.h">
      <Filter>Object\GalleryLevel\Actor</Filter>
    </ClInclude>
    <ClInclude Include="ThirdGalleryLevel.h">
      <Filter>Object\ThirdGalleryLevel</Filter>
    </ClInclude>
    <ClInclude Include="SecondGalleryArt.h">
      <Filter>Object\SecondGalleryLevel\Actor</Filter>
    </ClInclude>
    <ClInclude Include="FadeIntro.h">
      <Filter>Object\Global</Filter>
    </ClInclude>
    <ClInclude Include="GrayScreen.h">
      <Filter>Object\ThirdGalleryLevel\Actor</Filter>
    </ClInclude>
    <ClInclude Include="NextThirdLevel.h">
      <Filter>Object\SecondGalleryLevel\Actor</Filter>
    </ClInclude>
    <ClInclude Include="PhoneMan.h">
      <Filter>Object\GalleryLevel\Actor\Character</Filter>
    </ClInclude>
    <ClInclude Include="PonyTail.h">
      <Filter>Object\GalleryLevel\Actor\Character</Filter>
    </ClInclude>
    <ClInclude Include="BrownHair.h">
      <Filter>Object\GalleryLevel\Actor\Character</Filter>
    </ClInclude>
    <ClInclude Include="AOceanSign.h">
      <Filter>Object\GalleryLevel\Actor\Art</Filter>
    </ClInclude>
    <ClInclude Include="BlueHair.h">
      <Filter>Object\GalleryLevel\Actor\Character</Filter>
    </ClInclude>
    <ClInclude Include="OldLady.h">
      <Filter>Object\GalleryLevel\Actor\Character</Filter>
    </ClInclude>
    <ClInclude Include="PinkWomen.h">
      <Filter>Object\GalleryLevel\Actor\Character</Filter>
    </ClInclude>
    <ClInclude Include="WindowMan.h">
      <Filter>Object\GalleryLevel\Actor\Character</Filter>
    </ClInclude>
    <ClInclude Include="CharFace.h">
      <Filter>Object\Global</Filter>
    </ClInclude>
    <ClInclude Include="Exit.h">
      <Filter>Object\GalleryLevel\Actor</Filter>
    </ClInclude>
    <ClInclude Include="WindowAnimation.h">
      <Filter>Object\ThirdGalleryLevel\Actor</Filter>
    </ClInclude>
    <ClInclude Include="FourthGalleryLevel.h">
      <Filter>Object\FourthGallery</Filter>
    </ClInclude>
    <ClInclude Include="BluePaint.h">
      <Filter>Object\FourthGallery\Actor</Filter>
    </ClInclude>
    <ClInclude Include="NextFourthGallery.h">
      <Filter>Object\ThirdGalleryLevel\Actor</Filter>
    </ClInclude>
    <ClInclude Include="OpeningLevel.h">
      <Filter>Object\Opening</Filter>
    </ClInclude>
    <ClInclude Include="FifthGalleryLevel.h">
      <Filter>Object\FifthGalleryLevel</Filter>
    </ClInclude>
    <ClInclude Include="NextFifrhGallery.h">
      <Filter>Object\FourthGallery\Actor</Filter>
    </ClInclude>
    <ClInclude Include="ArtSign.h">
      <Filter>Object\FourthGallery\Actor</Filter>
    </ClInclude>
  </ItemGroup>
  <ItemGroup>
    <ClCompile Include="IbCore.cpp" />
    <ClCompile Include="GalleryLevel.cpp">
      <Filter>Object\GalleryLevel</Filter>
    </ClCompile>
    <ClCompile Include="TitleLevel.cpp">
      <Filter>Object\TitleLevel</Filter>
    </ClCompile>
    <ClCompile Include="Player.cpp">
      <Filter>Object\GalleryLevel\Actor</Filter>
    </ClCompile>
    <ClCompile Include="Helper.cpp" />
    <ClCompile Include="TitleLogo.cpp">
      <Filter>Object\TitleLevel\Actor</Filter>
    </ClCompile>
    <ClCompile Include="BackTitle.cpp">
      <Filter>Object\TitleLevel\Actor</Filter>
    </ClCompile>
    <ClCompile Include="BackGroundMap.cpp">
      <Filter>Object\Global</Filter>
    </ClCompile>
    <ClCompile Include="TitleMenu.cpp">
      <Filter>Object\TitleLevel\Actor</Filter>
    </ClCompile>
    <ClCompile Include="Gallery_Window.cpp">
      <Filter>Object\GalleryLevel\Actor\Art</Filter>
    </ClCompile>
    <ClCompile Include="GalleryButler.cpp">
      <Filter>Object\GalleryLevel\Actor\Character</Filter>
    </ClCompile>
    <ClCompile Include="Poster.cpp">
      <Filter>Object\GalleryLevel\Actor\Art</Filter>
    </ClCompile>
    <ClCompile Include="LeftBigArt.cpp">
      <Filter>Object\GalleryLevel\Actor\Art</Filter>
    </ClCompile>
    <ClCompile Include="RightBigArt.cpp">
      <Filter>Object\GalleryLevel\Actor\Art</Filter>
    </ClCompile>
    <ClCompile Include="WallArt_Sea.cpp">
      <Filter>Object\GalleryLevel\Actor\Art</Filter>
    </ClCompile>
    <ClCompile Include="GallerySign.cpp">
      <Filter>Object\GalleryLevel\Actor\Art</Filter>
    </ClCompile>
    <ClCompile Include="WallArt_Lines.cpp">
      <Filter>Object\GalleryLevel\Actor\Art</Filter>
    </ClCompile>
    <ClCompile Include="WallArt_Sneeze.cpp">
      <Filter>Object\GalleryLevel\Actor\Art</Filter>
    </ClCompile>
    <ClCompile Include="OpeningLevel.cpp">
      <Filter>Object\Opening</Filter>
    </ClCompile>
    <ClCompile Include="Intro.cpp">
      <Filter>Object\Opening\Actor</Filter>
    </ClCompile>
    <ClCompile Include="Mom.cpp">
      <Filter>Object\GalleryLevel\Actor\Character</Filter>
    </ClCompile>
    <ClCompile Include="Dad.cpp">
      <Filter>Object\GalleryLevel\Actor\Character</Filter>
    </ClCompile>
    <ClCompile Include="SecondGalleryLevel.cpp">
      <Filter>Object\SecondGalleryLevel</Filter>
    </ClCompile>
    <ClCompile Include="Dialogue.cpp">
      <Filter>Object\Global</Filter>
    </ClCompile>
    <ClCompile Include="NextLevel.cpp">
      <Filter>Object\GalleryLevel\Actor</Filter>
    </ClCompile>
    <ClCompile Include="ThirdGalleryLevel.cpp">
      <Filter>Object\ThirdGalleryLevel</Filter>
    </ClCompile>
    <ClCompile Include="SecondGalleryArt.cpp">
      <Filter>Object\SecondGalleryLevel\Actor</Filter>
    </ClCompile>
    <ClCompile Include="FadeIntro.cpp">
      <Filter>Object\Global</Filter>
    </ClCompile>
    <ClCompile Include="GrayScreen.cpp">
      <Filter>Object\ThirdGalleryLevel\Actor</Filter>
    </ClCompile>
    <ClCompile Include="NextThirdLevel.cpp">
      <Filter>Object\SecondGalleryLevel\Actor</Filter>
    </ClCompile>
    <ClCompile Include="PhoneMan.cpp">
      <Filter>Object\GalleryLevel\Actor\Character</Filter>
    </ClCompile>
    <ClCompile Include="PonyTail.cpp">
      <Filter>Object\GalleryLevel\Actor\Character</Filter>
    </ClCompile>
    <ClCompile Include="BrownHair.cpp">
      <Filter>Object\GalleryLevel\Actor\Character</Filter>
    </ClCompile>
    <ClCompile Include="AOceanSign.cpp">
      <Filter>Object\GalleryLevel\Actor\Art</Filter>
    </ClCompile>
    <ClCompile Include="BlueHair.cpp">
      <Filter>Object\GalleryLevel\Actor\Character</Filter>
    </ClCompile>
    <ClCompile Include="OldLady.cpp">
      <Filter>Object\GalleryLevel\Actor\Character</Filter>
    </ClCompile>
    <ClCompile Include="PinkWomen.cpp">
      <Filter>Object\GalleryLevel\Actor\Character</Filter>
    </ClCompile>
    <ClCompile Include="WindowMan.cpp">
      <Filter>Object\GalleryLevel\Actor\Character</Filter>
    </ClCompile>
    <ClCompile Include="CharFace.cpp">
      <Filter>Object\Global</Filter>
    </ClCompile>
    <ClCompile Include="Exit.cpp">
      <Filter>Object\GalleryLevel\Actor</Filter>
    </ClCompile>
    <ClCompile Include="WindowAnimation.cpp">
      <Filter>Object\ThirdGalleryLevel\Actor</Filter>
    </ClCompile>
    <ClCompile Include="FourthGalleryLevel.cpp">
      <Filter>Object\FourthGallery</Filter>
    </ClCompile>
    <ClCompile Include="BluePaint.cpp">
      <Filter>Object\FourthGallery\Actor</Filter>
    </ClCompile>
    <ClCompile Include="TestLevel.cpp">
      <Filter>Object\TestLevel</Filter>
    </ClCompile>
    <ClCompile Include="NextFourthGallery.cpp">
      <Filter>Object\ThirdGalleryLevel\Actor</Filter>
    </ClCompile>
    <ClCompile Include="FifthGalleryLevel.cpp">
      <Filter>Object\FifthGalleryLevel</Filter>
    </ClCompile>
    <ClCompile Include="NextFifrhGallery.cpp">
      <Filter>Object\FourthGallery\Actor</Filter>
    </ClCompile>
    <ClCompile Include="ArtSign.cpp">
      <Filter>Object\FourthGallery\Actor</Filter>
    </ClCompile>
  </ItemGroup>
  <ItemGroup>
    <Filter Include="Object">
      <UniqueIdentifier>{3d5d8b0a-c317-4a02-8007-f59e10eb9d6f}</UniqueIdentifier>
    </Filter>
    <Filter Include="Object\TitleLevel">
      <UniqueIdentifier>{0a9ca305-6f47-4077-a7f0-8730071c9185}</UniqueIdentifier>
    </Filter>
    <Filter Include="Object\TitleLevel\Actor">
      <UniqueIdentifier>{fdebe23f-bf66-462b-820f-9dbaa4729a06}</UniqueIdentifier>
    </Filter>
    <Filter Include="Object\TestLevel">
      <UniqueIdentifier>{eb032c8a-0971-4b40-a214-da593a110d45}</UniqueIdentifier>
    </Filter>
    <Filter Include="Object\Global">
      <UniqueIdentifier>{2bbd3d93-2499-47c0-b669-012ba8e01861}</UniqueIdentifier>
    </Filter>
    <Filter Include="Object\GalleryLevel">
      <UniqueIdentifier>{0bfc769e-2d2e-4171-9687-1a0fba3cf00e}</UniqueIdentifier>
    </Filter>
    <Filter Include="Object\GalleryLevel\Actor">
      <UniqueIdentifier>{15822336-ec7f-4824-89c8-f46f4c6beef2}</UniqueIdentifier>
    </Filter>
    <Filter Include="Object\GalleryLevel\Actor\Art">
      <UniqueIdentifier>{a36612db-0715-4456-bd86-d85ccd3edf6a}</UniqueIdentifier>
    </Filter>
    <Filter Include="Object\GalleryLevel\Actor\Character">
      <UniqueIdentifier>{e888b7d0-d124-48b6-9696-911b4628e0ff}</UniqueIdentifier>
    </Filter>
    <Filter Include="Object\Opening">
      <UniqueIdentifier>{2d88db23-7890-4dfc-b945-cc250b7c88b0}</UniqueIdentifier>
    </Filter>
    <Filter Include="Object\Opening\Actor">
      <UniqueIdentifier>{ac3b0d53-7a40-4966-a45f-509ee1e39b25}</UniqueIdentifier>
    </Filter>
    <Filter Include="Object\SecondGalleryLevel">
      <UniqueIdentifier>{4568ca1d-5688-437a-9e76-a59aa7e39ed5}</UniqueIdentifier>
    </Filter>
    <Filter Include="Object\ThirdGalleryLevel">
      <UniqueIdentifier>{8737fb55-7ae8-472f-a728-57c4687f4168}</UniqueIdentifier>
    </Filter>
    <Filter Include="Object\SecondGalleryLevel\Actor">
      <UniqueIdentifier>{4fd7ca91-710e-4844-9de2-6253560c000b}</UniqueIdentifier>
    </Filter>
    <Filter Include="Object\ThirdGalleryLevel\Actor">
      <UniqueIdentifier>{f2a9e8e8-faa5-4003-995a-398dd76e1723}</UniqueIdentifier>
    </Filter>
    <Filter Include="Object\FourthGallery">
      <UniqueIdentifier>{02e85f6b-c4cc-455c-9a57-822436871fa7}</UniqueIdentifier>
    </Filter>
    <Filter Include="Object\FourthGallery\Actor">
      <UniqueIdentifier>{5050faa6-611d-42aa-a3ef-95bd28ab6498}</UniqueIdentifier>
    </Filter>
    <Filter Include="Object\FifthGalleryLevel">
      <UniqueIdentifier>{b911c35c-2dd0-46b7-a505-a009a60b4cdd}</UniqueIdentifier>
    </Filter>
  </ItemGroup>
</Project>