<?xml version="1.0" encoding="utf-8"?>
<Project ToolsVersion="4.0" xmlns="http://schemas.microsoft.com/developer/msbuild/2003">
  <ItemGroup>
    <ClInclude Include="IbCore.h" />
    <ClInclude Include="GalleryLevel.h">
      <Filter>Object\GalleryLevel</Filter>
    </ClInclude>
    <ClInclude Include="TitleLevel.h">
      <Filter>Object\TitleLevel</Filter>
    </ClInclude>
    <ClInclude Include="Helper.h" />
    <ClInclude Include="TitleLogo.h">
      <Filter>Object\TitleLevel\Actor</Filter>
    </ClInclude>
    <ClInclude Include="BackTitle.h">
      <Filter>Object\TitleLevel\Actor</Filter>
    </ClInclude>
    <ClInclude Include="TestLevel.h">
      <Filter>Object\TestLevel</Filter>
    </ClInclude>
    <ClInclude Include="BackGroundMap.h">
      <Filter>Object\Global</Filter>
    </ClInclude>
    <ClInclude Include="Player.h">
      <Filter>Object\GalleryLevel\Actor</Filter>
    </ClInclude>
    <ClInclude Include="Dialogue.h">
      <Filter>Object\Global</Filter>
    </ClInclude>
    <ClInclude Include="TitleMenu.h">
      <Filter>Object\TitleLevel\Actor</Filter>
    </ClInclude>
    <ClInclude Include="Gallery_Window.h">
      <Filter>Object\GalleryLevel\Actor\Art</Filter>
    </ClInclude>
    <ClInclude Include="GalleryButler.h">
      <Filter>Object\GalleryLevel\Actor\Character</Filter>
    </ClInclude>
    <ClInclude Include="Poster.h">
      <Filter>Object\GalleryLevel\Actor\Art</Filter>
    </ClInclude>
    <ClInclude Include="LeftBigArt.h">
      <Filter>Object\GalleryLevel\Actor\Art</Filter>
    </ClInclude>
    <ClInclude Include="RightBigArt.h">
      <Filter>Object\GalleryLevel\Actor\Art</Filter>
    </ClInclude>
    <ClInclude Include="WallArt_Sea.h">
      <Filter>Object\GalleryLevel\Actor\Art</Filter>
    </ClInclude>
    <ClInclude Include="GallerySign.h">
      <Filter>Object\GalleryLevel\Actor\Art</Filter>
    </ClInclude>
    <ClInclude Include="WallArt_Lines.h">
      <Filter>Object\GalleryLevel\Actor\Art</Filter>
    </ClInclude>
    <ClInclude Include="WallArt_Sneeze.h">
      <Filter>Object\GalleryLevel\Actor\Art</Filter>
    </ClInclude>
    <ClInclude Include="OpeningLevel.h">
      <Filter>Object\Opening</Filter>
    </ClInclude>
  </ItemGroup>
  <ItemGroup>
    <ClCompile Include="IbCore.cpp" />
    <ClCompile Include="GalleryLevel.cpp">
      <Filter>Object\GalleryLevel</Filter>
    </ClCompile>
    <ClCompile Include="TitleLevel.cpp">
      <Filter>Object\TitleLevel</Filter>
    </ClCompile>
    <ClCompile Include="Player.cpp">
      <Filter>Object\GalleryLevel\Actor</Filter>
    </ClCompile>
    <ClCompile Include="Helper.cpp" />
    <ClCompile Include="TitleLogo.cpp">
      <Filter>Object\TitleLevel\Actor</Filter>
    </ClCompile>
    <ClCompile Include="BackTitle.cpp">
      <Filter>Object\TitleLevel\Actor</Filter>
    </ClCompile>
    <ClCompile Include="TestLevel.cpp">
      <Filter>Object\TestLevel</Filter>
    </ClCompile>
    <ClCompile Include="BackGroundMap.cpp">
      <Filter>Object\Global</Filter>
    </ClCompile>
    <ClCompile Include="Dialogue.cpp">
      <Filter>Object\Global</Filter>
    </ClCompile>
    <ClCompile Include="TitleMenu.cpp">
      <Filter>Object\TitleLevel\Actor</Filter>
    </ClCompile>
    <ClCompile Include="Gallery_Window.cpp">
      <Filter>Object\GalleryLevel\Actor\Art</Filter>
    </ClCompile>
    <ClCompile Include="GalleryButler.cpp">
      <Filter>Object\GalleryLevel\Actor\Character</Filter>
    </ClCompile>
    <ClCompile Include="Poster.cpp">
      <Filter>Object\GalleryLevel\Actor\Art</Filter>
    </ClCompile>
    <ClCompile Include="LeftBigArt.cpp">
      <Filter>Object\GalleryLevel\Actor\Art</Filter>
    </ClCompile>
    <ClCompile Include="RightBigArt.cpp">
      <Filter>Object\GalleryLevel\Actor\Art</Filter>
    </ClCompile>
    <ClCompile Include="WallArt_Sea.cpp">
      <Filter>Object\GalleryLevel\Actor\Art</Filter>
    </ClCompile>
    <ClCompile Include="GallerySign.cpp">
      <Filter>Object\GalleryLevel\Actor\Art</Filter>
    </ClCompile>
    <ClCompile Include="WallArt_Lines.cpp">
      <Filter>Object\GalleryLevel\Actor\Art</Filter>
    </ClCompile>
    <ClCompile Include="WallArt_Sneeze.cpp">
      <Filter>Object\GalleryLevel\Actor\Art</Filter>
    </ClCompile>
    <ClCompile Include="OpeningLevel.cpp">
      <Filter>Object\Opening</Filter>
    </ClCompile>
  </ItemGroup>
  <ItemGroup>
    <Filter Include="Object">
      <UniqueIdentifier>{3d5d8b0a-c317-4a02-8007-f59e10eb9d6f}</UniqueIdentifier>
    </Filter>
    <Filter Include="Object\TitleLevel">
      <UniqueIdentifier>{0a9ca305-6f47-4077-a7f0-8730071c9185}</UniqueIdentifier>
    </Filter>
    <Filter Include="Object\TitleLevel\Actor">
      <UniqueIdentifier>{fdebe23f-bf66-462b-820f-9dbaa4729a06}</UniqueIdentifier>
    </Filter>
    <Filter Include="Object\TestLevel">
      <UniqueIdentifier>{eb032c8a-0971-4b40-a214-da593a110d45}</UniqueIdentifier>
    </Filter>
    <Filter Include="Object\Global">
      <UniqueIdentifier>{2bbd3d93-2499-47c0-b669-012ba8e01861}</UniqueIdentifier>
    </Filter>
    <Filter Include="Object\GalleryLevel">
      <UniqueIdentifier>{0bfc769e-2d2e-4171-9687-1a0fba3cf00e}</UniqueIdentifier>
    </Filter>
    <Filter Include="Object\GalleryLevel\Actor">
      <UniqueIdentifier>{15822336-ec7f-4824-89c8-f46f4c6beef2}</UniqueIdentifier>
    </Filter>
    <Filter Include="Object\GalleryLevel\Actor\Art">
      <UniqueIdentifier>{a36612db-0715-4456-bd86-d85ccd3edf6a}</UniqueIdentifier>
    </Filter>
    <Filter Include="Object\GalleryLevel\Actor\Character">
      <UniqueIdentifier>{e888b7d0-d124-48b6-9696-911b4628e0ff}</UniqueIdentifier>
    </Filter>
    <Filter Include="Object\OpeningLevel">
      <UniqueIdentifier>{f52881b9-fc04-45ea-85fa-5cdf6f0529b2}</UniqueIdentifier>
    </Filter>
    <Filter Include="Object\Opening">
      <UniqueIdentifier>{2d88db23-7890-4dfc-b945-cc250b7c88b0}</UniqueIdentifier>
    </Filter>
  </ItemGroup>
</Project>