
Microsoft Visual Studio Solution File, Format Version 12.00
# Visual Studio Version 17
VisualStudioVersion = 17.8.34408.163
MinimumVisualStudioVersion = 10.0.40219.1
Project("{8BC9CEB8-8B4A-11D0-8D11-00A0C91BC942}") = "EngineBase", "EngineBase\EngineBase.vcxproj", "{D2B26ABC-2D39-47F5-AEFE-3786BA7A1FED}"
EndProject
Project("{2150E333-8FDC-42A3-9474-1A3956D46DE8}") = "Level0", "Level0", "{7DA1C017-56C3-4480-A278-3CD0E3E6508C}"
EndProject
Project("{2150E333-8FDC-42A3-9474-1A3956D46DE8}") = "Level1", "Level1", "{943231F7-12C3-4332-9616-9F44CD326213}"
EndProject
Project("{2150E333-8FDC-42A3-9474-1A3956D46DE8}") = "level2", "level2", "{F8AF3056-78FA-4F9D-9781-EB8A2F017830}"
EndProject
Project("{2150E333-8FDC-42A3-9474-1A3956D46DE8}") = "level3", "level3", "{95D1123C-FB81-461D-AD89-92E433BE167B}"
EndProject
Project("{2150E333-8FDC-42A3-9474-1A3956D46DE8}") = "Level4", "Level4", "{1B56521B-6D3C-4109-BD11-9AF042678AA3}"
EndProject
Project("{8BC9CEB8-8B4A-11D0-8D11-00A0C91BC942}") = "EnginePlatform", "EnginePlatform\EnginePlatform.vcxproj", "{BE3370A3-E7DE-4C6A-97DD-845EC8F581A4}"
EndProject
Project("{8BC9CEB8-8B4A-11D0-8D11-00A0C91BC942}") = "EngineCore", "EngineCore\EngineCore.vcxproj", "{2A471E72-5A6A-45A5-BC8D-552E7988B68E}"
EndProject
Project("{8BC9CEB8-8B4A-11D0-8D11-00A0C91BC942}") = "Ib", "Ib\Ib.vcxproj", "{1F3D1BB4-1F7E-436C-AF21-DE83F98B74C5}"
EndProject
Project("{8BC9CEB8-8B4A-11D0-8D11-00A0C91BC942}") = "App", "APP\APP.vcxproj", "{EB5B05B6-5459-4A16-9C19-F0261ED3C71E}"
EndProject
Global
	GlobalSection(SolutionConfigurationPlatforms) = preSolution
		Debug|x64 = Debug|x64
		Debug|x86 = Debug|x86
		Release|x64 = Release|x64
		Release|x86 = Release|x86
	EndGlobalSection
	GlobalSection(ProjectConfigurationPlatforms) = postSolution
		{D2B26ABC-2D39-47F5-AEFE-3786BA7A1FED}.Debug|x64.ActiveCfg = Debug|x64
		{D2B26ABC-2D39-47F5-AEFE-3786BA7A1FED}.Debug|x64.Build.0 = Debug|x64
		{D2B26ABC-2D39-47F5-AEFE-3786BA7A1FED}.Debug|x86.ActiveCfg = Debug|Win32
		{D2B26ABC-2D39-47F5-AEFE-3786BA7A1FED}.Debug|x86.Build.0 = Debug|Win32
		{D2B26ABC-2D39-47F5-AEFE-3786BA7A1FED}.Release|x64.ActiveCfg = Release|x64
		{D2B26ABC-2D39-47F5-AEFE-3786BA7A1FED}.Release|x64.Build.0 = Release|x64
		{D2B26ABC-2D39-47F5-AEFE-3786BA7A1FED}.Release|x86.ActiveCfg = Release|Win32
		{D2B26ABC-2D39-47F5-AEFE-3786BA7A1FED}.Release|x86.Build.0 = Release|Win32
		{BE3370A3-E7DE-4C6A-97DD-845EC8F581A4}.Debug|x64.ActiveCfg = Debug|x64
		{BE3370A3-E7DE-4C6A-97DD-845EC8F581A4}.Debug|x64.Build.0 = Debug|x64
		{BE3370A3-E7DE-4C6A-97DD-845EC8F581A4}.Debug|x86.ActiveCfg = Debug|Win32
		{BE3370A3-E7DE-4C6A-97DD-845EC8F581A4}.Debug|x86.Build.0 = Debug|Win32
		{BE3370A3-E7DE-4C6A-97DD-845EC8F581A4}.Release|x64.ActiveCfg = Release|x64
		{BE3370A3-E7DE-4C6A-97DD-845EC8F581A4}.Release|x64.Build.0 = Release|x64
		{BE3370A3-E7DE-4C6A-97DD-845EC8F581A4}.Release|x86.ActiveCfg = Release|Win32
		{BE3370A3-E7DE-4C6A-97DD-845EC8F581A4}.Release|x86.Build.0 = Release|Win32
		{2A471E72-5A6A-45A5-BC8D-552E7988B68E}.Debug|x64.ActiveCfg = Debug|x64
		{2A471E72-5A6A-45A5-BC8D-552E7988B68E}.Debug|x64.Build.0 = Debug|x64
		{2A471E72-5A6A-45A5-BC8D-552E7988B68E}.Debug|x86.ActiveCfg = Debug|Win32
		{2A471E72-5A6A-45A5-BC8D-552E7988B68E}.Debug|x86.Build.0 = Debug|Win32
		{2A471E72-5A6A-45A5-BC8D-552E7988B68E}.Release|x64.ActiveCfg = Release|x64
		{2A471E72-5A6A-45A5-BC8D-552E7988B68E}.Release|x64.Build.0 = Release|x64
		{2A471E72-5A6A-45A5-BC8D-552E7988B68E}.Release|x86.ActiveCfg = Release|Win32
		{2A471E72-5A6A-45A5-BC8D-552E7988B68E}.Release|x86.Build.0 = Release|Win32
		{1F3D1BB4-1F7E-436C-AF21-DE83F98B74C5}.Debug|x64.ActiveCfg = Debug|x64
		{1F3D1BB4-1F7E-436C-AF21-DE83F98B74C5}.Debug|x64.Build.0 = Debug|x64
		{1F3D1BB4-1F7E-436C-AF21-DE83F98B74C5}.Debug|x86.ActiveCfg = Debug|Win32
		{1F3D1BB4-1F7E-436C-AF21-DE83F98B74C5}.Debug|x86.Build.0 = Debug|Win32
		{1F3D1BB4-1F7E-436C-AF21-DE83F98B74C5}.Release|x64.ActiveCfg = Release|x64
		{1F3D1BB4-1F7E-436C-AF21-DE83F98B74C5}.Release|x64.Build.0 = Release|x64
		{1F3D1BB4-1F7E-436C-AF21-DE83F98B74C5}.Release|x86.ActiveCfg = Release|Win32
		{1F3D1BB4-1F7E-436C-AF21-DE83F98B74C5}.Release|x86.Build.0 = Release|Win32
		{EB5B05B6-5459-4A16-9C19-F0261ED3C71E}.Debug|x64.ActiveCfg = Debug|x64
		{EB5B05B6-5459-4A16-9C19-F0261ED3C71E}.Debug|x64.Build.0 = Debug|x64
		{EB5B05B6-5459-4A16-9C19-F0261ED3C71E}.Debug|x86.ActiveCfg = Debug|Win32
		{EB5B05B6-5459-4A16-9C19-F0261ED3C71E}.Debug|x86.Build.0 = Debug|Win32
		{EB5B05B6-5459-4A16-9C19-F0261ED3C71E}.Release|x64.ActiveCfg = Release|x64
		{EB5B05B6-5459-4A16-9C19-F0261ED3C71E}.Release|x64.Build.0 = Release|x64
		{EB5B05B6-5459-4A16-9C19-F0261ED3C71E}.Release|x86.ActiveCfg = Release|Win32
		{EB5B05B6-5459-4A16-9C19-F0261ED3C71E}.Release|x86.Build.0 = Release|Win32
	EndGlobalSection
	GlobalSection(SolutionProperties) = preSolution
		HideSolutionNode = FALSE
	EndGlobalSection
	GlobalSection(NestedProjects) = preSolution
		{D2B26ABC-2D39-47F5-AEFE-3786BA7A1FED} = {7DA1C017-56C3-4480-A278-3CD0E3E6508C}
		{BE3370A3-E7DE-4C6A-97DD-845EC8F581A4} = {943231F7-12C3-4332-9616-9F44CD326213}
		{2A471E72-5A6A-45A5-BC8D-552E7988B68E} = {F8AF3056-78FA-4F9D-9781-EB8A2F017830}
		{1F3D1BB4-1F7E-436C-AF21-DE83F98B74C5} = {95D1123C-FB81-461D-AD89-92E433BE167B}
		{EB5B05B6-5459-4A16-9C19-F0261ED3C71E} = {1B56521B-6D3C-4109-BD11-9AF042678AA3}
	EndGlobalSection
	GlobalSection(ExtensibilityGlobals) = postSolution
		SolutionGuid = {EBFF774D-E696-4F84-BFA6-2D9F66C69977}
	EndGlobalSection
EndGlobal
